
Microsoft Visual Studio Solution File, Format Version 12.00
# Visual Studio Version 17
VisualStudioVersion = 17.9.34728.123
MinimumVisualStudioVersion = 10.0.40219.1
Project("{FAE04EC0-301F-11D3-BF4B-00C04F79EFBC}") = "Register a newborn child", "Register a newborn child\Register a newborn child.csproj", "{F308EA0F-16F5-492D-BBEA-1B3F051E3CDD}"
EndProject
Global
	GlobalSection(SolutionConfigurationPlatforms) = preSolution
		Debug|Any CPU = Debug|Any CPU
		Release|Any CPU = Release|Any CPU
	EndGlobalSection
	GlobalSection(ProjectConfigurationPlatforms) = postSolution
		{F308EA0F-16F5-492D-BBEA-1B3F051E3CDD}.Debug|Any CPU.ActiveCfg = Debug|Any CPU
		{F308EA0F-16F5-492D-BBEA-1B3F051E3CDD}.Debug|Any CPU.Build.0 = Debug|Any CPU
		{F308EA0F-16F5-492D-BBEA-1B3F051E3CDD}.Release|Any CPU.ActiveCfg = Release|Any CPU
		{F308EA0F-16F5-492D-BBEA-1B3F051E3CDD}.Release|Any CPU.Build.0 = Release|Any CPU
	EndGlobalSection
	GlobalSection(SolutionProperties) = preSolution
		HideSolutionNode = FALSE
	EndGlobalSection
	GlobalSection(ExtensibilityGlobals) = postSolution
		SolutionGuid = {0A616F1E-1156-4C4F-AA56-818E4F297B59}
	EndGlobalSection
EndGlobal
